
Microsoft Visual Studio Solution File, Format Version 12.00
# Visual Studio Version 17
VisualStudioVersion = 17.5.2.0
MinimumVisualStudioVersion = 10.0.40219.1
Project("{2150E333-8FDC-42A3-9474-1A3956D46DE8}") = "src", "src", "{827E0CD3-B72D-47B6-A68D-7590B98EB39B}"
EndProject
Project("{FAE04EC0-301F-11D3-BF4B-00C04F79EFBC}") = "BenhaScooters", "src\BenhaScooters\BenhaScooters.csproj", "{BF6C503C-B833-3F63-3614-5697D1F31815}"
EndProject
Project("{2150E333-8FDC-42A3-9474-1A3956D46DE8}") = "tests", "tests", "{B58A25DB-ED90-4228-A784-0A0B1CB345A3}"
EndProject
Project("{FAE04EC0-301F-11D3-BF4B-00C04F79EFBC}") = "BenhaScooters.IntegrationTests", "tests\BenhaScooters.IntegrationTests\BenhaScooters.IntegrationTests.csproj", "{A9FAE215-D51B-43F0-BF80-B815D57314B1}"
EndProject
Project("{FAE04EC0-301F-11D3-BF4B-00C04F79EFBC}") = "BenhaScooters.UnitTests", "tests\BenhaScooters.UnitTests\BenhaScooters.UnitTests.csproj", "{F98CFFB3-EE72-4342-82E8-389F825AE6F4}"
EndProject
Project("{FAE04EC0-301F-11D3-BF4B-00C04F79EFBC}") = "BenhaScooters.Domain", "src\BenhaScooters.Domain\BenhaScooters.Domain.csproj", "{F4F93D56-4D4D-40C7-83DB-51AF65E312DB}"
EndProject
Project("{FAE04EC0-301F-11D3-BF4B-00C04F79EFBC}") = "BenhaScooters.Shared", "src\BenhaScooters.Shared\BenhaScooters.Shared.csproj", "{3EDB637B-DAC4-481D-8870-FC35E5DA44D9}"
EndProject
Project("{FAE04EC0-301F-11D3-BF4B-00C04F79EFBC}") = "BenhaScooters.Contracts", "src\BenhaScooters.Contracts\BenhaScooters.Contracts.csproj", "{87960B68-1EBE-4555-86AF-41926F705725}"
EndProject
Global
	GlobalSection(SolutionConfigurationPlatforms) = preSolution
		Debug|Any CPU = Debug|Any CPU
		Debug|x64 = Debug|x64
		Debug|x86 = Debug|x86
		Release|Any CPU = Release|Any CPU
		Release|x64 = Release|x64
		Release|x86 = Release|x86
	EndGlobalSection
	GlobalSection(ProjectConfigurationPlatforms) = postSolution
		{BF6C503C-B833-3F63-3614-5697D1F31815}.Debug|Any CPU.ActiveCfg = Debug|Any CPU
		{BF6C503C-B833-3F63-3614-5697D1F31815}.Debug|Any CPU.Build.0 = Debug|Any CPU
		{BF6C503C-B833-3F63-3614-5697D1F31815}.Debug|x64.ActiveCfg = Debug|Any CPU
		{BF6C503C-B833-3F63-3614-5697D1F31815}.Debug|x64.Build.0 = Debug|Any CPU
		{BF6C503C-B833-3F63-3614-5697D1F31815}.Debug|x86.ActiveCfg = Debug|Any CPU
		{BF6C503C-B833-3F63-3614-5697D1F31815}.Debug|x86.Build.0 = Debug|Any CPU
		{BF6C503C-B833-3F63-3614-5697D1F31815}.Release|Any CPU.ActiveCfg = Release|Any CPU
		{BF6C503C-B833-3F63-3614-5697D1F31815}.Release|Any CPU.Build.0 = Release|Any CPU
		{BF6C503C-B833-3F63-3614-5697D1F31815}.Release|x64.ActiveCfg = Release|Any CPU
		{BF6C503C-B833-3F63-3614-5697D1F31815}.Release|x64.Build.0 = Release|Any CPU
		{BF6C503C-B833-3F63-3614-5697D1F31815}.Release|x86.ActiveCfg = Release|Any CPU
		{BF6C503C-B833-3F63-3614-5697D1F31815}.Release|x86.Build.0 = Release|Any CPU
		{A9FAE215-D51B-43F0-BF80-B815D57314B1}.Debug|Any CPU.ActiveCfg = Debug|Any CPU
		{A9FAE215-D51B-43F0-BF80-B815D57314B1}.Debug|Any CPU.Build.0 = Debug|Any CPU
		{A9FAE215-D51B-43F0-BF80-B815D57314B1}.Debug|x64.ActiveCfg = Debug|Any CPU
		{A9FAE215-D51B-43F0-BF80-B815D57314B1}.Debug|x64.Build.0 = Debug|Any CPU
		{A9FAE215-D51B-43F0-BF80-B815D57314B1}.Debug|x86.ActiveCfg = Debug|Any CPU
		{A9FAE215-D51B-43F0-BF80-B815D57314B1}.Debug|x86.Build.0 = Debug|Any CPU
		{A9FAE215-D51B-43F0-BF80-B815D57314B1}.Release|Any CPU.ActiveCfg = Release|Any CPU
		{A9FAE215-D51B-43F0-BF80-B815D57314B1}.Release|Any CPU.Build.0 = Release|Any CPU
		{A9FAE215-D51B-43F0-BF80-B815D57314B1}.Release|x64.ActiveCfg = Release|Any CPU
		{A9FAE215-D51B-43F0-BF80-B815D57314B1}.Release|x64.Build.0 = Release|Any CPU
		{A9FAE215-D51B-43F0-BF80-B815D57314B1}.Release|x86.ActiveCfg = Release|Any CPU
		{A9FAE215-D51B-43F0-BF80-B815D57314B1}.Release|x86.Build.0 = Release|Any CPU
		{F98CFFB3-EE72-4342-82E8-389F825AE6F4}.Debug|Any CPU.ActiveCfg = Debug|Any CPU
		{F98CFFB3-EE72-4342-82E8-389F825AE6F4}.Debug|Any CPU.Build.0 = Debug|Any CPU
		{F98CFFB3-EE72-4342-82E8-389F825AE6F4}.Debug|x64.ActiveCfg = Debug|Any CPU
		{F98CFFB3-EE72-4342-82E8-389F825AE6F4}.Debug|x64.Build.0 = Debug|Any CPU
		{F98CFFB3-EE72-4342-82E8-389F825AE6F4}.Debug|x86.ActiveCfg = Debug|Any CPU
		{F98CFFB3-EE72-4342-82E8-389F825AE6F4}.Debug|x86.Build.0 = Debug|Any CPU
		{F98CFFB3-EE72-4342-82E8-389F825AE6F4}.Release|Any CPU.ActiveCfg = Release|Any CPU
		{F98CFFB3-EE72-4342-82E8-389F825AE6F4}.Release|Any CPU.Build.0 = Release|Any CPU
		{F98CFFB3-EE72-4342-82E8-389F825AE6F4}.Release|x64.ActiveCfg = Release|Any CPU
		{F98CFFB3-EE72-4342-82E8-389F825AE6F4}.Release|x64.Build.0 = Release|Any CPU
		{F98CFFB3-EE72-4342-82E8-389F825AE6F4}.Release|x86.ActiveCfg = Release|Any CPU
		{F98CFFB3-EE72-4342-82E8-389F825AE6F4}.Release|x86.Build.0 = Release|Any CPU
		{F4F93D56-4D4D-40C7-83DB-51AF65E312DB}.Debug|Any CPU.ActiveCfg = Debug|Any CPU
		{F4F93D56-4D4D-40C7-83DB-51AF65E312DB}.Debug|Any CPU.Build.0 = Debug|Any CPU
		{F4F93D56-4D4D-40C7-83DB-51AF65E312DB}.Debug|x64.ActiveCfg = Debug|Any CPU
		{F4F93D56-4D4D-40C7-83DB-51AF65E312DB}.Debug|x64.Build.0 = Debug|Any CPU
		{F4F93D56-4D4D-40C7-83DB-51AF65E312DB}.Debug|x86.ActiveCfg = Debug|Any CPU
		{F4F93D56-4D4D-40C7-83DB-51AF65E312DB}.Debug|x86.Build.0 = Debug|Any CPU
		{F4F93D56-4D4D-40C7-83DB-51AF65E312DB}.Release|Any CPU.ActiveCfg = Release|Any CPU
		{F4F93D56-4D4D-40C7-83DB-51AF65E312DB}.Release|Any CPU.Build.0 = Release|Any CPU
		{F4F93D56-4D4D-40C7-83DB-51AF65E312DB}.Release|x64.ActiveCfg = Release|Any CPU
		{F4F93D56-4D4D-40C7-83DB-51AF65E312DB}.Release|x64.Build.0 = Release|Any CPU
		{F4F93D56-4D4D-40C7-83DB-51AF65E312DB}.Release|x86.ActiveCfg = Release|Any CPU
		{F4F93D56-4D4D-40C7-83DB-51AF65E312DB}.Release|x86.Build.0 = Release|Any CPU
		{3EDB637B-DAC4-481D-8870-FC35E5DA44D9}.Debug|Any CPU.ActiveCfg = Debug|Any CPU
		{3EDB637B-DAC4-481D-8870-FC35E5DA44D9}.Debug|Any CPU.Build.0 = Debug|Any CPU
		{3EDB637B-DAC4-481D-8870-FC35E5DA44D9}.Debug|x64.ActiveCfg = Debug|Any CPU
		{3EDB637B-DAC4-481D-8870-FC35E5DA44D9}.Debug|x64.Build.0 = Debug|Any CPU
		{3EDB637B-DAC4-481D-8870-FC35E5DA44D9}.Debug|x86.ActiveCfg = Debug|Any CPU
		{3EDB637B-DAC4-481D-8870-FC35E5DA44D9}.Debug|x86.Build.0 = Debug|Any CPU
		{3EDB637B-DAC4-481D-8870-FC35E5DA44D9}.Release|Any CPU.ActiveCfg = Release|Any CPU
		{3EDB637B-DAC4-481D-8870-FC35E5DA44D9}.Release|Any CPU.Build.0 = Release|Any CPU
		{3EDB637B-DAC4-481D-8870-FC35E5DA44D9}.Release|x64.ActiveCfg = Release|Any CPU
		{3EDB637B-DAC4-481D-8870-FC35E5DA44D9}.Release|x64.Build.0 = Release|Any CPU
		{3EDB637B-DAC4-481D-8870-FC35E5DA44D9}.Release|x86.ActiveCfg = Release|Any CPU
		{3EDB637B-DAC4-481D-8870-FC35E5DA44D9}.Release|x86.Build.0 = Release|Any CPU
		{87960B68-1EBE-4555-86AF-41926F705725}.Debug|Any CPU.ActiveCfg = Debug|Any CPU
		{87960B68-1EBE-4555-86AF-41926F705725}.Debug|Any CPU.Build.0 = Debug|Any CPU
		{87960B68-1EBE-4555-86AF-41926F705725}.Debug|x64.ActiveCfg = Debug|Any CPU
		{87960B68-1EBE-4555-86AF-41926F705725}.Debug|x64.Build.0 = Debug|Any CPU
		{87960B68-1EBE-4555-86AF-41926F705725}.Debug|x86.ActiveCfg = Debug|Any CPU
		{87960B68-1EBE-4555-86AF-41926F705725}.Debug|x86.Build.0 = Debug|Any CPU
		{87960B68-1EBE-4555-86AF-41926F705725}.Release|Any CPU.ActiveCfg = Release|Any CPU
		{87960B68-1EBE-4555-86AF-41926F705725}.Release|Any CPU.Build.0 = Release|Any CPU
		{87960B68-1EBE-4555-86AF-41926F705725}.Release|x64.ActiveCfg = Release|Any CPU
		{87960B68-1EBE-4555-86AF-41926F705725}.Release|x64.Build.0 = Release|Any CPU
		{87960B68-1EBE-4555-86AF-41926F705725}.Release|x86.ActiveCfg = Release|Any CPU
		{87960B68-1EBE-4555-86AF-41926F705725}.Release|x86.Build.0 = Release|Any CPU
	EndGlobalSection
	GlobalSection(SolutionProperties) = preSolution
		HideSolutionNode = FALSE
	EndGlobalSection
	GlobalSection(NestedProjects) = preSolution
		{BF6C503C-B833-3F63-3614-5697D1F31815} = {827E0CD3-B72D-47B6-A68D-7590B98EB39B}
		{A9FAE215-D51B-43F0-BF80-B815D57314B1} = {B58A25DB-ED90-4228-A784-0A0B1CB345A3}
		{F98CFFB3-EE72-4342-82E8-389F825AE6F4} = {B58A25DB-ED90-4228-A784-0A0B1CB345A3}
		{F4F93D56-4D4D-40C7-83DB-51AF65E312DB} = {827E0CD3-B72D-47B6-A68D-7590B98EB39B}
		{3EDB637B-DAC4-481D-8870-FC35E5DA44D9} = {827E0CD3-B72D-47B6-A68D-7590B98EB39B}
		{87960B68-1EBE-4555-86AF-41926F705725} = {827E0CD3-B72D-47B6-A68D-7590B98EB39B}
	EndGlobalSection
	GlobalSection(ExtensibilityGlobals) = postSolution
		SolutionGuid = {FD11575D-D1D8-482B-BF2C-78E60C19CADA}
	EndGlobalSection
EndGlobal
